
Microsoft Visual Studio Solution File, Format Version 12.00
# Visual Studio Version 17
VisualStudioVersion = 17.4.33213.308
MinimumVisualStudioVersion = 10.0.40219.1
Project("{9A19103F-16F7-4668-BE54-9A1E7A4F7556}") = "ToDoApp", "ToDoApp.csproj", "{DEF41A17-F23F-4021-BFF8-C33415111095}"
EndProject
Project("{9A19103F-16F7-4668-BE54-9A1E7A4F7556}") = "Application", "..\Application\Application.csproj", "{7A8FEE0E-A442-4CA8-8C8C-86D317E8846C}"
EndProject
Project("{9A19103F-16F7-4668-BE54-9A1E7A4F7556}") = "Infrastructure", "..\Infrastructure\Infrastructure.csproj", "{815A3F5D-546B-40D2-B25D-4AAECB2428BC}"
EndProject
Project("{FAE04EC0-301F-11D3-BF4B-00C04F79EFBC}") = "InputEntities", "..\Entities\InputEntities.csproj", "{A2934AA2-53AA-43ED-B3AA-9703DA1A05AB}"
EndProject
Project("{FAE04EC0-301F-11D3-BF4B-00C04F79EFBC}") = "OutputEntities", "..\OutputEntities\OutputEntities.csproj", "{A08FA258-EAF7-4815-8C24-F880DA80A0C0}"
EndProject
Global
	GlobalSection(SolutionConfigurationPlatforms) = preSolution
		Debug|Any CPU = Debug|Any CPU
		Release|Any CPU = Release|Any CPU
	EndGlobalSection
	GlobalSection(ProjectConfigurationPlatforms) = postSolution
		{DEF41A17-F23F-4021-BFF8-C33415111095}.Debug|Any CPU.ActiveCfg = Debug|Any CPU
		{DEF41A17-F23F-4021-BFF8-C33415111095}.Debug|Any CPU.Build.0 = Debug|Any CPU
		{DEF41A17-F23F-4021-BFF8-C33415111095}.Release|Any CPU.ActiveCfg = Release|Any CPU
		{DEF41A17-F23F-4021-BFF8-C33415111095}.Release|Any CPU.Build.0 = Release|Any CPU
		{7A8FEE0E-A442-4CA8-8C8C-86D317E8846C}.Debug|Any CPU.ActiveCfg = Debug|Any CPU
		{7A8FEE0E-A442-4CA8-8C8C-86D317E8846C}.Debug|Any CPU.Build.0 = Debug|Any CPU
		{7A8FEE0E-A442-4CA8-8C8C-86D317E8846C}.Release|Any CPU.ActiveCfg = Release|Any CPU
		{7A8FEE0E-A442-4CA8-8C8C-86D317E8846C}.Release|Any CPU.Build.0 = Release|Any CPU
		{815A3F5D-546B-40D2-B25D-4AAECB2428BC}.Debug|Any CPU.ActiveCfg = Debug|Any CPU
		{815A3F5D-546B-40D2-B25D-4AAECB2428BC}.Debug|Any CPU.Build.0 = Debug|Any CPU
		{815A3F5D-546B-40D2-B25D-4AAECB2428BC}.Release|Any CPU.ActiveCfg = Release|Any CPU
		{815A3F5D-546B-40D2-B25D-4AAECB2428BC}.Release|Any CPU.Build.0 = Release|Any CPU
		{A2934AA2-53AA-43ED-B3AA-9703DA1A05AB}.Debug|Any CPU.ActiveCfg = Debug|Any CPU
		{A2934AA2-53AA-43ED-B3AA-9703DA1A05AB}.Debug|Any CPU.Build.0 = Debug|Any CPU
		{A2934AA2-53AA-43ED-B3AA-9703DA1A05AB}.Release|Any CPU.ActiveCfg = Release|Any CPU
		{A2934AA2-53AA-43ED-B3AA-9703DA1A05AB}.Release|Any CPU.Build.0 = Release|Any CPU
		{A08FA258-EAF7-4815-8C24-F880DA80A0C0}.Debug|Any CPU.ActiveCfg = Debug|Any CPU
		{A08FA258-EAF7-4815-8C24-F880DA80A0C0}.Debug|Any CPU.Build.0 = Debug|Any CPU
		{A08FA258-EAF7-4815-8C24-F880DA80A0C0}.Release|Any CPU.ActiveCfg = Release|Any CPU
		{A08FA258-EAF7-4815-8C24-F880DA80A0C0}.Release|Any CPU.Build.0 = Release|Any CPU
	EndGlobalSection
	GlobalSection(SolutionProperties) = preSolution
		HideSolutionNode = FALSE
	EndGlobalSection
	GlobalSection(ExtensibilityGlobals) = postSolution
		SolutionGuid = {3F7AD880-5AAC-4467-96CF-0E961C4A6381}
	EndGlobalSection
EndGlobal
